
Microsoft Visual Studio Solution File, Format Version 12.00
# Visual Studio Version 17
VisualStudioVersion = 17.9.34622.214
MinimumVisualStudioVersion = 10.0.40219.1
Project("{FAE04EC0-301F-11D3-BF4B-00C04F79EFBC}") = "muscnt", "muscnt\muscnt.csproj", "{FFBD9A80-EB71-40DE-94AE-B893E258C7FF}"
EndProject
Global
	GlobalSection(SolutionConfigurationPlatforms) = preSolution
		Debug|Any CPU = Debug|Any CPU
		Release|Any CPU = Release|Any CPU
	EndGlobalSection
	GlobalSection(ProjectConfigurationPlatforms) = postSolution
		{FFBD9A80-EB71-40DE-94AE-B893E258C7FF}.Debug|Any CPU.ActiveCfg = Debug|Any CPU
		{FFBD9A80-EB71-40DE-94AE-B893E258C7FF}.Debug|Any CPU.Build.0 = Debug|Any CPU
		{FFBD9A80-EB71-40DE-94AE-B893E258C7FF}.Release|Any CPU.ActiveCfg = Release|Any CPU
		{FFBD9A80-EB71-40DE-94AE-B893E258C7FF}.Release|Any CPU.Build.0 = Release|Any CPU
	EndGlobalSection
	GlobalSection(SolutionProperties) = preSolution
		HideSolutionNode = FALSE
	EndGlobalSection
	GlobalSection(ExtensibilityGlobals) = postSolution
		SolutionGuid = {8DF6BB5D-6092-47A8-9C5E-0EF2FF1CE1AA}
	EndGlobalSection
EndGlobal
